<?xml version="1.0" encoding="UTF-8" standalone="yes" ?>
<CodeBlocks_project_file>
	<FileVersion major="1" minor="6" />
	<Project>
		<Option title="CodeBlocksGaemOpenGL" />
		<Option pch_mode="2" />
		<Option compiler="gcc" />
		<Build>
			<Target title="Release">
				<Option output="x64/ReleaseCB/CodeBlocksGaemOpenGL" prefix_auto="1" extension_auto="1" />
				<Option object_output="obj/Release/" />
				<Option type="0" />
				<Option compiler="gcc" />
				<Compiler>
					<Add option="-O3" />
					<Add directory="include" />
				</Compiler>
				<Linker>
					<Add option="-s" />
					<Add option="-lglfw3" />
					<Add library="lib64/codeblockslib/libglfw3dll.a" />
					<Add directory="lib64/codeblockslib" />
				</Linker>
			</Target>
		</Build>
		<Compiler>
			<Add option="-Wall" />
			<Add option="-fexceptions" />
		</Compiler>
		<Unit filename="source/Camera.cpp" />
		<Unit filename="source/Camera.h" />
		<Unit filename="source/EBO.cpp" />
		<Unit filename="source/EBO.h" />
		<Unit filename="source/Main.cpp" />
		<Unit filename="source/Mesh.cpp" />
		<Unit filename="source/Mesh.h" />
		<Unit filename="source/Model.h" />
		<Unit filename="source/Player.cpp" />
		<Unit filename="source/Player.h" />
		<Unit filename="source/Texture.cpp" />
		<Unit filename="source/Texture.h" />
		<Unit filename="source/VAO.cpp" />
		<Unit filename="source/VAO.h" />
		<Unit filename="source/VBO.cpp" />
		<Unit filename="source/VBO.h" />
		<Unit filename="source/glad.c">
			<Option compilerVar="CC" />
		</Unit>
		<Unit filename="source/model.cpp" />
		<Unit filename="source/shaderClass.cpp" />
		<Unit filename="source/shaderClass.h" />
		<Unit filename="source/stb.cpp" />
		<Extensions />
	</Project>
</CodeBlocks_project_file>
